
Microsoft Visual Studio Solution File, Format Version 12.00
# Visual Studio 15
Project("{FAE04EC0-301F-11D3-BF4B-00C04F79EFBC}") = "DragTest2.Android", "DragTest2.Android\DragTest2.Android.csproj", "{EDE96B99-672A-4839-BA14-DCBC9C449361}"
EndProject
Project("{FAE04EC0-301F-11D3-BF4B-00C04F79EFBC}") = "DragTest2.iOS", "DragTest2.iOS\DragTest2.iOS.csproj", "{E876886A-24CB-4DF9-A19E-F0759F5B1316}"
EndProject
Project("{FAE04EC0-301F-11D3-BF4B-00C04F79EFBC}") = "DragTest2", "DragTest2\DragTest2.csproj", "{E4ACD174-D16B-4996-917B-E04D05DC9299}"
EndProject
Global
	GlobalSection(SolutionConfigurationPlatforms) = preSolution
		Debug|Any CPU = Debug|Any CPU
		Release|Any CPU = Release|Any CPU
		Debug|iPhoneSimulator = Debug|iPhoneSimulator
		Release|iPhoneSimulator = Release|iPhoneSimulator
		Debug|iPhone = Debug|iPhone
		Release|iPhone = Release|iPhone
	EndGlobalSection
	GlobalSection(ProjectConfigurationPlatforms) = postSolution
		{EDE96B99-672A-4839-BA14-DCBC9C449361}.Debug|Any CPU.ActiveCfg = Debug|Any CPU
		{EDE96B99-672A-4839-BA14-DCBC9C449361}.Debug|Any CPU.Build.0 = Debug|Any CPU
		{EDE96B99-672A-4839-BA14-DCBC9C449361}.Release|Any CPU.ActiveCfg = Release|Any CPU
		{EDE96B99-672A-4839-BA14-DCBC9C449361}.Release|Any CPU.Build.0 = Release|Any CPU
		{EDE96B99-672A-4839-BA14-DCBC9C449361}.Debug|iPhoneSimulator.ActiveCfg = Debug|Any CPU
		{EDE96B99-672A-4839-BA14-DCBC9C449361}.Debug|iPhoneSimulator.Build.0 = Debug|Any CPU
		{EDE96B99-672A-4839-BA14-DCBC9C449361}.Release|iPhoneSimulator.ActiveCfg = Release|Any CPU
		{EDE96B99-672A-4839-BA14-DCBC9C449361}.Release|iPhoneSimulator.Build.0 = Release|Any CPU
		{EDE96B99-672A-4839-BA14-DCBC9C449361}.Debug|iPhone.ActiveCfg = Debug|Any CPU
		{EDE96B99-672A-4839-BA14-DCBC9C449361}.Debug|iPhone.Build.0 = Debug|Any CPU
		{EDE96B99-672A-4839-BA14-DCBC9C449361}.Release|iPhone.ActiveCfg = Release|Any CPU
		{EDE96B99-672A-4839-BA14-DCBC9C449361}.Release|iPhone.Build.0 = Release|Any CPU
		{E876886A-24CB-4DF9-A19E-F0759F5B1316}.Debug|Any CPU.ActiveCfg = Debug|iPhoneSimulator
		{E876886A-24CB-4DF9-A19E-F0759F5B1316}.Debug|Any CPU.Build.0 = Debug|iPhoneSimulator
		{E876886A-24CB-4DF9-A19E-F0759F5B1316}.Release|Any CPU.ActiveCfg = Release|iPhoneSimulator
		{E876886A-24CB-4DF9-A19E-F0759F5B1316}.Release|Any CPU.Build.0 = Release|iPhoneSimulator
		{E876886A-24CB-4DF9-A19E-F0759F5B1316}.Debug|iPhoneSimulator.ActiveCfg = Debug|iPhoneSimulator
		{E876886A-24CB-4DF9-A19E-F0759F5B1316}.Debug|iPhoneSimulator.Build.0 = Debug|iPhoneSimulator
		{E876886A-24CB-4DF9-A19E-F0759F5B1316}.Release|iPhoneSimulator.ActiveCfg = Release|iPhoneSimulator
		{E876886A-24CB-4DF9-A19E-F0759F5B1316}.Release|iPhoneSimulator.Build.0 = Release|iPhoneSimulator
		{E876886A-24CB-4DF9-A19E-F0759F5B1316}.Debug|iPhone.ActiveCfg = Debug|iPhone
		{E876886A-24CB-4DF9-A19E-F0759F5B1316}.Debug|iPhone.Build.0 = Debug|iPhone
		{E876886A-24CB-4DF9-A19E-F0759F5B1316}.Release|iPhone.ActiveCfg = Release|iPhone
		{E876886A-24CB-4DF9-A19E-F0759F5B1316}.Release|iPhone.Build.0 = Release|iPhone
		{E4ACD174-D16B-4996-917B-E04D05DC9299}.Debug|Any CPU.ActiveCfg = Debug|Any CPU
		{E4ACD174-D16B-4996-917B-E04D05DC9299}.Debug|Any CPU.Build.0 = Debug|Any CPU
		{E4ACD174-D16B-4996-917B-E04D05DC9299}.Release|Any CPU.ActiveCfg = Release|Any CPU
		{E4ACD174-D16B-4996-917B-E04D05DC9299}.Release|Any CPU.Build.0 = Release|Any CPU
		{E4ACD174-D16B-4996-917B-E04D05DC9299}.Debug|iPhoneSimulator.ActiveCfg = Debug|Any CPU
		{E4ACD174-D16B-4996-917B-E04D05DC9299}.Debug|iPhoneSimulator.Build.0 = Debug|Any CPU
		{E4ACD174-D16B-4996-917B-E04D05DC9299}.Release|iPhoneSimulator.ActiveCfg = Release|Any CPU
		{E4ACD174-D16B-4996-917B-E04D05DC9299}.Release|iPhoneSimulator.Build.0 = Release|Any CPU
		{E4ACD174-D16B-4996-917B-E04D05DC9299}.Debug|iPhone.ActiveCfg = Debug|Any CPU
		{E4ACD174-D16B-4996-917B-E04D05DC9299}.Debug|iPhone.Build.0 = Debug|Any CPU
		{E4ACD174-D16B-4996-917B-E04D05DC9299}.Release|iPhone.ActiveCfg = Release|Any CPU
		{E4ACD174-D16B-4996-917B-E04D05DC9299}.Release|iPhone.Build.0 = Release|Any CPU
	EndGlobalSection
EndGlobal
